// !$*UTF8*$!
{
	archiveVersion = 1;
	classes = {
	};
	objectVersion = 52;
	objects = {

/* Begin PBXBuildFile section */
		1018A8B825B3275600908C37 /* UpdateList.swift in Sources */ = {isa = PBXBuildFile; fileRef = 1018A8B725B3275600908C37 /* UpdateList.swift */; };
		1018A8C725B32DC100908C37 /* UpdateDetail.swift in Sources */ = {isa = PBXBuildFile; fileRef = 1018A8C625B32DC100908C37 /* UpdateDetail.swift */; };
		1018A8CA25B3358000908C37 /* UpdateStore.swift in Sources */ = {isa = PBXBuildFile; fileRef = 1018A8C925B3358000908C37 /* UpdateStore.swift */; };
		1018A8CD25B342C400908C37 /* TabBar.swift in Sources */ = {isa = PBXBuildFile; fileRef = 1018A8CC25B342C400908C37 /* TabBar.swift */; };
		1018A8D025B3448000908C37 /* Lottie in Resources */ = {isa = PBXBuildFile; fileRef = 1018A8CF25B3448000908C37 /* Lottie */; };
		1018A8D325B3472500908C37 /* RingView.swift in Sources */ = {isa = PBXBuildFile; fileRef = 1018A8D225B3472500908C37 /* RingView.swift */; };
		1018A8E725B35BD900908C37 /* Kufam-VariableFont_wght.ttf in Resources */ = {isa = PBXBuildFile; fileRef = 1018A8D625B35BD900908C37 /* Kufam-VariableFont_wght.ttf */; };
		1018A8E825B35BD900908C37 /* Kufam-Italic-VariableFont_wght.ttf in Resources */ = {isa = PBXBuildFile; fileRef = 1018A8D725B35BD900908C37 /* Kufam-Italic-VariableFont_wght.ttf */; };
		1018A8E925B35BD900908C37 /* Kufam-ExtraBoldItalic.ttf in Resources */ = {isa = PBXBuildFile; fileRef = 1018A8D925B35BD900908C37 /* Kufam-ExtraBoldItalic.ttf */; };
		1018A8EA25B35BD900908C37 /* Kufam-Bold.ttf in Resources */ = {isa = PBXBuildFile; fileRef = 1018A8DA25B35BD900908C37 /* Kufam-Bold.ttf */; };
		1018A8EB25B35BD900908C37 /* Kufam-BlackItalic.ttf in Resources */ = {isa = PBXBuildFile; fileRef = 1018A8DB25B35BD900908C37 /* Kufam-BlackItalic.ttf */; };
		1018A8EC25B35BD900908C37 /* Kufam-MediumItalic.ttf in Resources */ = {isa = PBXBuildFile; fileRef = 1018A8DC25B35BD900908C37 /* Kufam-MediumItalic.ttf */; };
		1018A8ED25B35BD900908C37 /* Kufam-Medium.ttf in Resources */ = {isa = PBXBuildFile; fileRef = 1018A8DD25B35BD900908C37 /* Kufam-Medium.ttf */; };
		1018A8EE25B35BD900908C37 /* Kufam-Italic.ttf in Resources */ = {isa = PBXBuildFile; fileRef = 1018A8DE25B35BD900908C37 /* Kufam-Italic.ttf */; };
		1018A8EF25B35BD900908C37 /* Kufam-SemiBoldItalic.ttf in Resources */ = {isa = PBXBuildFile; fileRef = 1018A8DF25B35BD900908C37 /* Kufam-SemiBoldItalic.ttf */; };
		1018A8F025B35BD900908C37 /* Kufam-Regular.ttf in Resources */ = {isa = PBXBuildFile; fileRef = 1018A8E025B35BD900908C37 /* Kufam-Regular.ttf */; };
		1018A8F125B35BD900908C37 /* Kufam-Black.ttf in Resources */ = {isa = PBXBuildFile; fileRef = 1018A8E125B35BD900908C37 /* Kufam-Black.ttf */; };
		1018A8F225B35BD900908C37 /* Kufam-ExtraBold.ttf in Resources */ = {isa = PBXBuildFile; fileRef = 1018A8E225B35BD900908C37 /* Kufam-ExtraBold.ttf */; };
		1018A8F325B35BD900908C37 /* Kufam-SemiBold.ttf in Resources */ = {isa = PBXBuildFile; fileRef = 1018A8E325B35BD900908C37 /* Kufam-SemiBold.ttf */; };
		1018A8F425B35BD900908C37 /* Kufam-BoldItalic.ttf in Resources */ = {isa = PBXBuildFile; fileRef = 1018A8E425B35BD900908C37 /* Kufam-BoldItalic.ttf */; };
		1018A8F525B35BD900908C37 /* OFL.txt in Resources */ = {isa = PBXBuildFile; fileRef = 1018A8E525B35BD900908C37 /* OFL.txt */; };
		1018A8F625B35BD900908C37 /* README.txt in Resources */ = {isa = PBXBuildFile; fileRef = 1018A8E625B35BD900908C37 /* README.txt */; };
		1018A8F925B35C0900908C37 /* Modifiers.swift in Sources */ = {isa = PBXBuildFile; fileRef = 1018A8F825B35C0900908C37 /* Modifiers.swift */; };
		10A624B825AB4A90001F090A /* DesignCodeApp.swift in Sources */ = {isa = PBXBuildFile; fileRef = 10A624B725AB4A90001F090A /* DesignCodeApp.swift */; };
		10A624BA25AB4A90001F090A /* ContentView.swift in Sources */ = {isa = PBXBuildFile; fileRef = 10A624B925AB4A90001F090A /* ContentView.swift */; };
		10A624BC25AB4A92001F090A /* Assets.xcassets in Resources */ = {isa = PBXBuildFile; fileRef = 10A624BB25AB4A92001F090A /* Assets.xcassets */; };
		10A624BF25AB4A92001F090A /* Preview Assets.xcassets in Resources */ = {isa = PBXBuildFile; fileRef = 10A624BE25AB4A92001F090A /* Preview Assets.xcassets */; };
		10CEC48A25ACD12B00F6CFC2 /* MenuView.swift in Sources */ = {isa = PBXBuildFile; fileRef = 10CEC48925ACD12B00F6CFC2 /* MenuView.swift */; };
		10CEC48D25ACD72A00F6CFC2 /* Home.swift in Sources */ = {isa = PBXBuildFile; fileRef = 10CEC48C25ACD72A00F6CFC2 /* Home.swift */; };
		10CEC49025ACDEEB00F6CFC2 /* HomeView.swift in Sources */ = {isa = PBXBuildFile; fileRef = 10CEC48F25ACDEEB00F6CFC2 /* HomeView.swift */; };
		10E2807725B47D6B00C61673 /* Contentful in Frameworks */ = {isa = PBXBuildFile; productRef = 10E2807625B47D6B00C61673 /* Contentful */; };
		10E2808325B484D200C61673 /* Data.swift in Sources */ = {isa = PBXBuildFile; fileRef = 10E2807D25B484D200C61673 /* Data.swift */; };
		10E2808425B484D200C61673 /* DataStore.swift in Sources */ = {isa = PBXBuildFile; fileRef = 10E2807E25B484D200C61673 /* DataStore.swift */; };
		10E2808525B484D200C61673 /* PostList.swift in Sources */ = {isa = PBXBuildFile; fileRef = 10E2807F25B484D200C61673 /* PostList.swift */; };
		10E2808625B484D200C61673 /* CourseStore.swift in Sources */ = {isa = PBXBuildFile; fileRef = 10E2808025B484D200C61673 /* CourseStore.swift */; };
		10E2808725B484D200C61673 /* CourseList.swift in Sources */ = {isa = PBXBuildFile; fileRef = 10E2808125B484D200C61673 /* CourseList.swift */; };
		10E2808825B484D200C61673 /* CourseDetail.swift in Sources */ = {isa = PBXBuildFile; fileRef = 10E2808225B484D200C61673 /* CourseDetail.swift */; };
		10E2808F25B4857300C61673 /* SDWebImageSwiftUI in Frameworks */ = {isa = PBXBuildFile; productRef = 10E2808E25B4857300C61673 /* SDWebImageSwiftUI */; };
/* End PBXBuildFile section */

/* Begin PBXFileReference section */
		1018A8B725B3275600908C37 /* UpdateList.swift */ = {isa = PBXFileReference; lastKnownFileType = sourcecode.swift; path = UpdateList.swift; sourceTree = "<group>"; };
		1018A8C625B32DC100908C37 /* UpdateDetail.swift */ = {isa = PBXFileReference; lastKnownFileType = sourcecode.swift; path = UpdateDetail.swift; sourceTree = "<group>"; };
		1018A8C925B3358000908C37 /* UpdateStore.swift */ = {isa = PBXFileReference; lastKnownFileType = sourcecode.swift; path = UpdateStore.swift; sourceTree = "<group>"; };
		1018A8CC25B342C400908C37 /* TabBar.swift */ = {isa = PBXFileReference; lastKnownFileType = sourcecode.swift; path = TabBar.swift; sourceTree = "<group>"; };
		1018A8CF25B3448000908C37 /* Lottie */ = {isa = PBXFileReference; lastKnownFileType = folder; path = Lottie; sourceTree = "<group>"; };
		1018A8D225B3472500908C37 /* RingView.swift */ = {isa = PBXFileReference; lastKnownFileType = sourcecode.swift; path = RingView.swift; sourceTree = "<group>"; };
		1018A8D625B35BD900908C37 /* Kufam-VariableFont_wght.ttf */ = {isa = PBXFileReference; lastKnownFileType = file; path = "Kufam-VariableFont_wght.ttf"; sourceTree = "<group>"; };
		1018A8D725B35BD900908C37 /* Kufam-Italic-VariableFont_wght.ttf */ = {isa = PBXFileReference; lastKnownFileType = file; path = "Kufam-Italic-VariableFont_wght.ttf"; sourceTree = "<group>"; };
		1018A8D925B35BD900908C37 /* Kufam-ExtraBoldItalic.ttf */ = {isa = PBXFileReference; lastKnownFileType = file; path = "Kufam-ExtraBoldItalic.ttf"; sourceTree = "<group>"; };
		1018A8DA25B35BD900908C37 /* Kufam-Bold.ttf */ = {isa = PBXFileReference; lastKnownFileType = file; path = "Kufam-Bold.ttf"; sourceTree = "<group>"; };
		1018A8DB25B35BD900908C37 /* Kufam-BlackItalic.ttf */ = {isa = PBXFileReference; lastKnownFileType = file; path = "Kufam-BlackItalic.ttf"; sourceTree = "<group>"; };
		1018A8DC25B35BD900908C37 /* Kufam-MediumItalic.ttf */ = {isa = PBXFileReference; lastKnownFileType = file; path = "Kufam-MediumItalic.ttf"; sourceTree = "<group>"; };
		1018A8DD25B35BD900908C37 /* Kufam-Medium.ttf */ = {isa = PBXFileReference; lastKnownFileType = file; path = "Kufam-Medium.ttf"; sourceTree = "<group>"; };
		1018A8DE25B35BD900908C37 /* Kufam-Italic.ttf */ = {isa = PBXFileReference; lastKnownFileType = file; path = "Kufam-Italic.ttf"; sourceTree = "<group>"; };
		1018A8DF25B35BD900908C37 /* Kufam-SemiBoldItalic.ttf */ = {isa = PBXFileReference; lastKnownFileType = file; path = "Kufam-SemiBoldItalic.ttf"; sourceTree = "<group>"; };
		1018A8E025B35BD900908C37 /* Kufam-Regular.ttf */ = {isa = PBXFileReference; lastKnownFileType = file; path = "Kufam-Regular.ttf"; sourceTree = "<group>"; };
		1018A8E125B35BD900908C37 /* Kufam-Black.ttf */ = {isa = PBXFileReference; lastKnownFileType = file; path = "Kufam-Black.ttf"; sourceTree = "<group>"; };
		1018A8E225B35BD900908C37 /* Kufam-ExtraBold.ttf */ = {isa = PBXFileReference; lastKnownFileType = file; path = "Kufam-ExtraBold.ttf"; sourceTree = "<group>"; };
		1018A8E325B35BD900908C37 /* Kufam-SemiBold.ttf */ = {isa = PBXFileReference; lastKnownFileType = file; path = "Kufam-SemiBold.ttf"; sourceTree = "<group>"; };
		1018A8E425B35BD900908C37 /* Kufam-BoldItalic.ttf */ = {isa = PBXFileReference; lastKnownFileType = file; path = "Kufam-BoldItalic.ttf"; sourceTree = "<group>"; };
		1018A8E525B35BD900908C37 /* OFL.txt */ = {isa = PBXFileReference; fileEncoding = 4; lastKnownFileType = text; path = OFL.txt; sourceTree = "<group>"; };
		1018A8E625B35BD900908C37 /* README.txt */ = {isa = PBXFileReference; fileEncoding = 4; lastKnownFileType = text; path = README.txt; sourceTree = "<group>"; };
		1018A8F825B35C0900908C37 /* Modifiers.swift */ = {isa = PBXFileReference; lastKnownFileType = sourcecode.swift; path = Modifiers.swift; sourceTree = "<group>"; };
		10A624B425AB4A90001F090A /* DesignCode.app */ = {isa = PBXFileReference; explicitFileType = wrapper.application; includeInIndex = 0; path = DesignCode.app; sourceTree = BUILT_PRODUCTS_DIR; };
		10A624B725AB4A90001F090A /* DesignCodeApp.swift */ = {isa = PBXFileReference; lastKnownFileType = sourcecode.swift; path = DesignCodeApp.swift; sourceTree = "<group>"; };
		10A624B925AB4A90001F090A /* ContentView.swift */ = {isa = PBXFileReference; lastKnownFileType = sourcecode.swift; path = ContentView.swift; sourceTree = "<group>"; };
		10A624BB25AB4A92001F090A /* Assets.xcassets */ = {isa = PBXFileReference; lastKnownFileType = folder.assetcatalog; path = Assets.xcassets; sourceTree = "<group>"; };
		10A624BE25AB4A92001F090A /* Preview Assets.xcassets */ = {isa = PBXFileReference; lastKnownFileType = folder.assetcatalog; path = "Preview Assets.xcassets"; sourceTree = "<group>"; };
		10A624C025AB4A92001F090A /* Info.plist */ = {isa = PBXFileReference; lastKnownFileType = text.plist.xml; path = Info.plist; sourceTree = "<group>"; };
		10CEC48925ACD12B00F6CFC2 /* MenuView.swift */ = {isa = PBXFileReference; lastKnownFileType = sourcecode.swift; path = MenuView.swift; sourceTree = "<group>"; };
		10CEC48C25ACD72A00F6CFC2 /* Home.swift */ = {isa = PBXFileReference; lastKnownFileType = sourcecode.swift; path = Home.swift; sourceTree = "<group>"; };
		10CEC48F25ACDEEB00F6CFC2 /* HomeView.swift */ = {isa = PBXFileReference; lastKnownFileType = sourcecode.swift; path = HomeView.swift; sourceTree = "<group>"; };
		10E2807D25B484D200C61673 /* Data.swift */ = {isa = PBXFileReference; fileEncoding = 4; lastKnownFileType = sourcecode.swift; path = Data.swift; sourceTree = "<group>"; };
		10E2807E25B484D200C61673 /* DataStore.swift */ = {isa = PBXFileReference; fileEncoding = 4; lastKnownFileType = sourcecode.swift; path = DataStore.swift; sourceTree = "<group>"; };
		10E2807F25B484D200C61673 /* PostList.swift */ = {isa = PBXFileReference; fileEncoding = 4; lastKnownFileType = sourcecode.swift; path = PostList.swift; sourceTree = "<group>"; };
		10E2808025B484D200C61673 /* CourseStore.swift */ = {isa = PBXFileReference; fileEncoding = 4; lastKnownFileType = sourcecode.swift; name = CourseStore.swift; path = "../../../Downloads/SwiftUI Part 3/Source Files Xcode 11.4/38.URLImages/DesignCode/CourseStore.swift"; sourceTree = "<group>"; };
		10E2808125B484D200C61673 /* CourseList.swift */ = {isa = PBXFileReference; fileEncoding = 4; lastKnownFileType = sourcecode.swift; name = CourseList.swift; path = "../../../Downloads/SwiftUI Part 3/Source Files Xcode 11.4/38.URLImages/DesignCode/CourseList.swift"; sourceTree = "<group>"; };
		10E2808225B484D200C61673 /* CourseDetail.swift */ = {isa = PBXFileReference; fileEncoding = 4; lastKnownFileType = sourcecode.swift; name = CourseDetail.swift; path = "../../../Downloads/SwiftUI Part 3/Source Files Xcode 11.4/38.URLImages/DesignCode/CourseDetail.swift"; sourceTree = "<group>"; };
/* End PBXFileReference section */

/* Begin PBXFrameworksBuildPhase section */
		10A624B125AB4A90001F090A /* Frameworks */ = {
			isa = PBXFrameworksBuildPhase;
			buildActionMask = 2147483647;
			files = (
				10E2808F25B4857300C61673 /* SDWebImageSwiftUI in Frameworks */,
				10E2807725B47D6B00C61673 /* Contentful in Frameworks */,
			);
			runOnlyForDeploymentPostprocessing = 0;
		};
/* End PBXFrameworksBuildPhase section */

/* Begin PBXGroup section */
		1018A8D525B35BD900908C37 /* Kufam */ = {
			isa = PBXGroup;
			children = (
				1018A8D625B35BD900908C37 /* Kufam-VariableFont_wght.ttf */,
				1018A8D725B35BD900908C37 /* Kufam-Italic-VariableFont_wght.ttf */,
				1018A8D925B35BD900908C37 /* Kufam-ExtraBoldItalic.ttf */,
				1018A8D825B35BD900908C37 /* static */,
				1018A8E525B35BD900908C37 /* OFL.txt */,
				1018A8E625B35BD900908C37 /* README.txt */,
			);
			path = Kufam;
			sourceTree = "<group>";
		};
		1018A8D825B35BD900908C37 /* static */ = {
			isa = PBXGroup;
			children = (
				1018A8DA25B35BD900908C37 /* Kufam-Bold.ttf */,
				1018A8DB25B35BD900908C37 /* Kufam-BlackItalic.ttf */,
				1018A8DC25B35BD900908C37 /* Kufam-MediumItalic.ttf */,
				1018A8DD25B35BD900908C37 /* Kufam-Medium.ttf */,
				1018A8DE25B35BD900908C37 /* Kufam-Italic.ttf */,
				1018A8DF25B35BD900908C37 /* Kufam-SemiBoldItalic.ttf */,
				1018A8E025B35BD900908C37 /* Kufam-Regular.ttf */,
				1018A8E125B35BD900908C37 /* Kufam-Black.ttf */,
				1018A8E225B35BD900908C37 /* Kufam-ExtraBold.ttf */,
				1018A8E325B35BD900908C37 /* Kufam-SemiBold.ttf */,
				1018A8E425B35BD900908C37 /* Kufam-BoldItalic.ttf */,
			);
			path = static;
			sourceTree = "<group>";
		};
		10A624AB25AB4A90001F090A = {
			isa = PBXGroup;
			children = (
				10A624B625AB4A90001F090A /* DesignCode */,
				10A624B525AB4A90001F090A /* Products */,
			);
			sourceTree = "<group>";
		};
		10A624B525AB4A90001F090A /* Products */ = {
			isa = PBXGroup;
			children = (
				10A624B425AB4A90001F090A /* DesignCode.app */,
			);
			name = Products;
			sourceTree = "<group>";
		};
		10A624B625AB4A90001F090A /* DesignCode */ = {
			isa = PBXGroup;
			children = (
				10A624B725AB4A90001F090A /* DesignCodeApp.swift */,
				10A624B925AB4A90001F090A /* ContentView.swift */,
				1018A8D225B3472500908C37 /* RingView.swift */,
				1018A8F825B35C0900908C37 /* Modifiers.swift */,
				10CEC48925ACD12B00F6CFC2 /* MenuView.swift */,
				1018A8B725B3275600908C37 /* UpdateList.swift */,
				1018A8C625B32DC100908C37 /* UpdateDetail.swift */,
				1018A8C925B3358000908C37 /* UpdateStore.swift */,
				10CEC48C25ACD72A00F6CFC2 /* Home.swift */,
				10CEC48F25ACDEEB00F6CFC2 /* HomeView.swift */,
				10E2808225B484D200C61673 /* CourseDetail.swift */,
				10E2808125B484D200C61673 /* CourseList.swift */,
				1018A8CC25B342C400908C37 /* TabBar.swift */,
				10E2808025B484D200C61673 /* CourseStore.swift */,
				10E2807D25B484D200C61673 /* Data.swift */,
				10E2807E25B484D200C61673 /* DataStore.swift */,
				10E2807F25B484D200C61673 /* PostList.swift */,
				10A624BB25AB4A92001F090A /* Assets.xcassets */,
				1018A8D525B35BD900908C37 /* Kufam */,
				1018A8CF25B3448000908C37 /* Lottie */,
				10A624C025AB4A92001F090A /* Info.plist */,
				10A624BD25AB4A92001F090A /* Preview Content */,
			);
			path = DesignCode;
			sourceTree = "<group>";
		};
		10A624BD25AB4A92001F090A /* Preview Content */ = {
			isa = PBXGroup;
			children = (
				10A624BE25AB4A92001F090A /* Preview Assets.xcassets */,
			);
			path = "Preview Content";
			sourceTree = "<group>";
		};
/* End PBXGroup section */

/* Begin PBXNativeTarget section */
		10A624B325AB4A90001F090A /* DesignCode */ = {
			isa = PBXNativeTarget;
			buildConfigurationList = 10A624C325AB4A92001F090A /* Build configuration list for PBXNativeTarget "DesignCode" */;
			buildPhases = (
				10A624B025AB4A90001F090A /* Sources */,
				10A624B125AB4A90001F090A /* Frameworks */,
				10A624B225AB4A90001F090A /* Resources */,
			);
			buildRules = (
			);
			dependencies = (
			);
			name = DesignCode;
			packageProductDependencies = (
				10E2807625B47D6B00C61673 /* Contentful */,
				10E2808E25B4857300C61673 /* SDWebImageSwiftUI */,
			);
			productName = DesignCode;
			productReference = 10A624B425AB4A90001F090A /* DesignCode.app */;
			productType = "com.apple.product-type.application";
		};
/* End PBXNativeTarget section */

/* Begin PBXProject section */
		10A624AC25AB4A90001F090A /* Project object */ = {
			isa = PBXProject;
			attributes = {
				LastSwiftUpdateCheck = 1230;
				LastUpgradeCheck = 1230;
				TargetAttributes = {
					10A624B325AB4A90001F090A = {
						CreatedOnToolsVersion = 12.3;
					};
				};
			};
			buildConfigurationList = 10A624AF25AB4A90001F090A /* Build configuration list for PBXProject "DesignCode" */;
			compatibilityVersion = "Xcode 9.3";
			developmentRegion = en;
			hasScannedForEncodings = 0;
			knownRegions = (
				en,
				Base,
			);
			mainGroup = 10A624AB25AB4A90001F090A;
			packageReferences = (
				10E2807525B47D6B00C61673 /* XCRemoteSwiftPackageReference "contentful.swift" */,
				10E2808D25B4857300C61673 /* XCRemoteSwiftPackageReference "SDWebImageSwiftUI" */,
			);
			productRefGroup = 10A624B525AB4A90001F090A /* Products */;
			projectDirPath = "";
			projectRoot = "";
			targets = (
				10A624B325AB4A90001F090A /* DesignCode */,
			);
		};
/* End PBXProject section */

/* Begin PBXResourcesBuildPhase section */
		10A624B225AB4A90001F090A /* Resources */ = {
			isa = PBXResourcesBuildPhase;
			buildActionMask = 2147483647;
			files = (
				1018A8F225B35BD900908C37 /* Kufam-ExtraBold.ttf in Resources */,
				10A624BF25AB4A92001F090A /* Preview Assets.xcassets in Resources */,
				10A624BC25AB4A92001F090A /* Assets.xcassets in Resources */,
				1018A8E725B35BD900908C37 /* Kufam-VariableFont_wght.ttf in Resources */,
				1018A8EA25B35BD900908C37 /* Kufam-Bold.ttf in Resources */,
				1018A8EC25B35BD900908C37 /* Kufam-MediumItalic.ttf in Resources */,
				1018A8F125B35BD900908C37 /* Kufam-Black.ttf in Resources */,
				1018A8E925B35BD900908C37 /* Kufam-ExtraBoldItalic.ttf in Resources */,
				1018A8EF25B35BD900908C37 /* Kufam-SemiBoldItalic.ttf in Resources */,
				1018A8ED25B35BD900908C37 /* Kufam-Medium.ttf in Resources */,
				1018A8F425B35BD900908C37 /* Kufam-BoldItalic.ttf in Resources */,
				1018A8EB25B35BD900908C37 /* Kufam-BlackItalic.ttf in Resources */,
				1018A8F525B35BD900908C37 /* OFL.txt in Resources */,
				1018A8EE25B35BD900908C37 /* Kufam-Italic.ttf in Resources */,
				1018A8E825B35BD900908C37 /* Kufam-Italic-VariableFont_wght.ttf in Resources */,
				1018A8D025B3448000908C37 /* Lottie in Resources */,
				1018A8F625B35BD900908C37 /* README.txt in Resources */,
				1018A8F325B35BD900908C37 /* Kufam-SemiBold.ttf in Resources */,
				1018A8F025B35BD900908C37 /* Kufam-Regular.ttf in Resources */,
			);
			runOnlyForDeploymentPostprocessing = 0;
		};
/* End PBXResourcesBuildPhase section */

/* Begin PBXSourcesBuildPhase section */
		10A624B025AB4A90001F090A /* Sources */ = {
			isa = PBXSourcesBuildPhase;
			buildActionMask = 2147483647;
			files = (
				10E2808625B484D200C61673 /* CourseStore.swift in Sources */,
				1018A8D325B3472500908C37 /* RingView.swift in Sources */,
				10E2808725B484D200C61673 /* CourseList.swift in Sources */,
				10E2808425B484D200C61673 /* DataStore.swift in Sources */,
				10E2808325B484D200C61673 /* Data.swift in Sources */,
				1018A8F925B35C0900908C37 /* Modifiers.swift in Sources */,
				1018A8CD25B342C400908C37 /* TabBar.swift in Sources */,
				1018A8C725B32DC100908C37 /* UpdateDetail.swift in Sources */,
				10A624BA25AB4A90001F090A /* ContentView.swift in Sources */,
				10CEC48A25ACD12B00F6CFC2 /* MenuView.swift in Sources */,
				1018A8B825B3275600908C37 /* UpdateList.swift in Sources */,
				1018A8CA25B3358000908C37 /* UpdateStore.swift in Sources */,
				10E2808825B484D200C61673 /* CourseDetail.swift in Sources */,
				10CEC48D25ACD72A00F6CFC2 /* Home.swift in Sources */,
				10E2808525B484D200C61673 /* PostList.swift in Sources */,
				10CEC49025ACDEEB00F6CFC2 /* HomeView.swift in Sources */,
				10A624B825AB4A90001F090A /* DesignCodeApp.swift in Sources */,
			);
			runOnlyForDeploymentPostprocessing = 0;
		};
/* End PBXSourcesBuildPhase section */

/* Begin XCBuildConfiguration section */
		10A624C125AB4A92001F090A /* Debug */ = {
			isa = XCBuildConfiguration;
			buildSettings = {
				ALWAYS_SEARCH_USER_PATHS = NO;
				CLANG_ANALYZER_NONNULL = YES;
				CLANG_ANALYZER_NUMBER_OBJECT_CONVERSION = YES_AGGRESSIVE;
				CLANG_CXX_LANGUAGE_STANDARD = "gnu++14";
				CLANG_CXX_LIBRARY = "libc++";
				CLANG_ENABLE_MODULES = YES;
				CLANG_ENABLE_OBJC_ARC = YES;
				CLANG_ENABLE_OBJC_WEAK = YES;
				CLANG_WARN_BLOCK_CAPTURE_AUTORELEASING = YES;
				CLANG_WARN_BOOL_CONVERSION = YES;
				CLANG_WARN_COMMA = YES;
				CLANG_WARN_CONSTANT_CONVERSION = YES;
				CLANG_WARN_DEPRECATED_OBJC_IMPLEMENTATIONS = YES;
				CLANG_WARN_DIRECT_OBJC_ISA_USAGE = YES_ERROR;
				CLANG_WARN_DOCUMENTATION_COMMENTS = YES;
				CLANG_WARN_EMPTY_BODY = YES;
				CLANG_WARN_ENUM_CONVERSION = YES;
				CLANG_WARN_INFINITE_RECURSION = YES;
				CLANG_WARN_INT_CONVERSION = YES;
				CLANG_WARN_NON_LITERAL_NULL_CONVERSION = YES;
				CLANG_WARN_OBJC_IMPLICIT_RETAIN_SELF = YES;
				CLANG_WARN_OBJC_LITERAL_CONVERSION = YES;
				CLANG_WARN_OBJC_ROOT_CLASS = YES_ERROR;
				CLANG_WARN_QUOTED_INCLUDE_IN_FRAMEWORK_HEADER = YES;
				CLANG_WARN_RANGE_LOOP_ANALYSIS = YES;
				CLANG_WARN_STRICT_PROTOTYPES = YES;
				CLANG_WARN_SUSPICIOUS_MOVE = YES;
				CLANG_WARN_UNGUARDED_AVAILABILITY = YES_AGGRESSIVE;
				CLANG_WARN_UNREACHABLE_CODE = YES;
				CLANG_WARN__DUPLICATE_METHOD_MATCH = YES;
				COPY_PHASE_STRIP = NO;
				DEBUG_INFORMATION_FORMAT = dwarf;
				ENABLE_STRICT_OBJC_MSGSEND = YES;
				ENABLE_TESTABILITY = YES;
				GCC_C_LANGUAGE_STANDARD = gnu11;
				GCC_DYNAMIC_NO_PIC = NO;
				GCC_NO_COMMON_BLOCKS = YES;
				GCC_OPTIMIZATION_LEVEL = 0;
				GCC_PREPROCESSOR_DEFINITIONS = (
					"DEBUG=1",
					"$(inherited)",
				);
				GCC_WARN_64_TO_32_BIT_CONVERSION = YES;
				GCC_WARN_ABOUT_RETURN_TYPE = YES_ERROR;
				GCC_WARN_UNDECLARED_SELECTOR = YES;
				GCC_WARN_UNINITIALIZED_AUTOS = YES_AGGRESSIVE;
				GCC_WARN_UNUSED_FUNCTION = YES;
				GCC_WARN_UNUSED_VARIABLE = YES;
				IPHONEOS_DEPLOYMENT_TARGET = 14.3;
				MTL_ENABLE_DEBUG_INFO = INCLUDE_SOURCE;
				MTL_FAST_MATH = YES;
				ONLY_ACTIVE_ARCH = YES;
				SDKROOT = iphoneos;
				SWIFT_ACTIVE_COMPILATION_CONDITIONS = DEBUG;
				SWIFT_OPTIMIZATION_LEVEL = "-Onone";
			};
			name = Debug;
		};
		10A624C225AB4A92001F090A /* Release */ = {
			isa = XCBuildConfiguration;
			buildSettings = {
				ALWAYS_SEARCH_USER_PATHS = NO;
				CLANG_ANALYZER_NONNULL = YES;
				CLANG_ANALYZER_NUMBER_OBJECT_CONVERSION = YES_AGGRESSIVE;
				CLANG_CXX_LANGUAGE_STANDARD = "gnu++14";
				CLANG_CXX_LIBRARY = "libc++";
				CLANG_ENABLE_MODULES = YES;
				CLANG_ENABLE_OBJC_ARC = YES;
				CLANG_ENABLE_OBJC_WEAK = YES;
				CLANG_WARN_BLOCK_CAPTURE_AUTORELEASING = YES;
				CLANG_WARN_BOOL_CONVERSION = YES;
				CLANG_WARN_COMMA = YES;
				CLANG_WARN_CONSTANT_CONVERSION = YES;
				CLANG_WARN_DEPRECATED_OBJC_IMPLEMENTATIONS = YES;
				CLANG_WARN_DIRECT_OBJC_ISA_USAGE = YES_ERROR;
				CLANG_WARN_DOCUMENTATION_COMMENTS = YES;
				CLANG_WARN_EMPTY_BODY = YES;
				CLANG_WARN_ENUM_CONVERSION = YES;
				CLANG_WARN_INFINITE_RECURSION = YES;
				CLANG_WARN_INT_CONVERSION = YES;
				CLANG_WARN_NON_LITERAL_NULL_CONVERSION = YES;
				CLANG_WARN_OBJC_IMPLICIT_RETAIN_SELF = YES;
				CLANG_WARN_OBJC_LITERAL_CONVERSION = YES;
				CLANG_WARN_OBJC_ROOT_CLASS = YES_ERROR;
				CLANG_WARN_QUOTED_INCLUDE_IN_FRAMEWORK_HEADER = YES;
				CLANG_WARN_RANGE_LOOP_ANALYSIS = YES;
				CLANG_WARN_STRICT_PROTOTYPES = YES;
				CLANG_WARN_SUSPICIOUS_MOVE = YES;
				CLANG_WARN_UNGUARDED_AVAILABILITY = YES_AGGRESSIVE;
				CLANG_WARN_UNREACHABLE_CODE = YES;
				CLANG_WARN__DUPLICATE_METHOD_MATCH = YES;
				COPY_PHASE_STRIP = NO;
				DEBUG_INFORMATION_FORMAT = "dwarf-with-dsym";
				ENABLE_NS_ASSERTIONS = NO;
				ENABLE_STRICT_OBJC_MSGSEND = YES;
				GCC_C_LANGUAGE_STANDARD = gnu11;
				GCC_NO_COMMON_BLOCKS = YES;
				GCC_WARN_64_TO_32_BIT_CONVERSION = YES;
				GCC_WARN_ABOUT_RETURN_TYPE = YES_ERROR;
				GCC_WARN_UNDECLARED_SELECTOR = YES;
				GCC_WARN_UNINITIALIZED_AUTOS = YES_AGGRESSIVE;
				GCC_WARN_UNUSED_FUNCTION = YES;
				GCC_WARN_UNUSED_VARIABLE = YES;
				IPHONEOS_DEPLOYMENT_TARGET = 14.3;
				MTL_ENABLE_DEBUG_INFO = NO;
				MTL_FAST_MATH = YES;
				SDKROOT = iphoneos;
				SWIFT_COMPILATION_MODE = wholemodule;
				SWIFT_OPTIMIZATION_LEVEL = "-O";
				VALIDATE_PRODUCT = YES;
			};
			name = Release;
		};
		10A624C425AB4A92001F090A /* Debug */ = {
			isa = XCBuildConfiguration;
			buildSettings = {
				ASSETCATALOG_COMPILER_APPICON_NAME = AppIcon;
				ASSETCATALOG_COMPILER_GLOBAL_ACCENT_COLOR_NAME = AccentColor;
				CODE_SIGN_STYLE = Automatic;
				DEVELOPMENT_ASSET_PATHS = "\"DesignCode/Preview Content\"";
				DEVELOPMENT_TEAM = C4BB468227;
				ENABLE_PREVIEWS = YES;
				INFOPLIST_FILE = DesignCode/Info.plist;
				IPHONEOS_DEPLOYMENT_TARGET = 14.0;
				LD_RUNPATH_SEARCH_PATHS = (
					"$(inherited)",
					"@executable_path/Frameworks",
				);
				PRODUCT_BUNDLE_IDENTIFIER = com.erencelik.DesignCode;
				PRODUCT_NAME = "$(TARGET_NAME)";
				SWIFT_VERSION = 5.0;
				TARGETED_DEVICE_FAMILY = "1,2";
			};
			name = Debug;
		};
		10A624C525AB4A92001F090A /* Release */ = {
			isa = XCBuildConfiguration;
			buildSettings = {
				ASSETCATALOG_COMPILER_APPICON_NAME = AppIcon;
				ASSETCATALOG_COMPILER_GLOBAL_ACCENT_COLOR_NAME = AccentColor;
				CODE_SIGN_STYLE = Automatic;
				DEVELOPMENT_ASSET_PATHS = "\"DesignCode/Preview Content\"";
				DEVELOPMENT_TEAM = C4BB468227;
				ENABLE_PREVIEWS = YES;
				INFOPLIST_FILE = DesignCode/Info.plist;
				IPHONEOS_DEPLOYMENT_TARGET = 14.0;
				LD_RUNPATH_SEARCH_PATHS = (
					"$(inherited)",
					"@executable_path/Frameworks",
				);
				PRODUCT_BUNDLE_IDENTIFIER = com.erencelik.DesignCode;
				PRODUCT_NAME = "$(TARGET_NAME)";
				SWIFT_VERSION = 5.0;
				TARGETED_DEVICE_FAMILY = "1,2";
			};
			name = Release;
		};
/* End XCBuildConfiguration section */

/* Begin XCConfigurationList section */
		10A624AF25AB4A90001F090A /* Build configuration list for PBXProject "DesignCode" */ = {
			isa = XCConfigurationList;
			buildConfigurations = (
				10A624C125AB4A92001F090A /* Debug */,
				10A624C225AB4A92001F090A /* Release */,
			);
			defaultConfigurationIsVisible = 0;
			defaultConfigurationName = Release;
		};
		10A624C325AB4A92001F090A /* Build configuration list for PBXNativeTarget "DesignCode" */ = {
			isa = XCConfigurationList;
			buildConfigurations = (
				10A624C425AB4A92001F090A /* Debug */,
				10A624C525AB4A92001F090A /* Release */,
			);
			defaultConfigurationIsVisible = 0;
			defaultConfigurationName = Release;
		};
/* End XCConfigurationList section */

/* Begin XCRemoteSwiftPackageReference section */
		10E2807525B47D6B00C61673 /* XCRemoteSwiftPackageReference "contentful.swift" */ = {
			isa = XCRemoteSwiftPackageReference;
			repositoryURL = "https://github.com/contentful/contentful.swift.git";
			requirement = {
				kind = upToNextMajorVersion;
				minimumVersion = 5.4.1;
			};
		};
		10E2808D25B4857300C61673 /* XCRemoteSwiftPackageReference "SDWebImageSwiftUI" */ = {
			isa = XCRemoteSwiftPackageReference;
			repositoryURL = "https://github.com/SDWebImage/SDWebImageSwiftUI.git";
			requirement = {
				kind = upToNextMajorVersion;
				minimumVersion = 1.5.0;
			};
		};
/* End XCRemoteSwiftPackageReference section */

/* Begin XCSwiftPackageProductDependency section */
		10E2807625B47D6B00C61673 /* Contentful */ = {
			isa = XCSwiftPackageProductDependency;
			package = 10E2807525B47D6B00C61673 /* XCRemoteSwiftPackageReference "contentful.swift" */;
			productName = Contentful;
		};
		10E2808E25B4857300C61673 /* SDWebImageSwiftUI */ = {
			isa = XCSwiftPackageProductDependency;
			package = 10E2808D25B4857300C61673 /* XCRemoteSwiftPackageReference "SDWebImageSwiftUI" */;
			productName = SDWebImageSwiftUI;
		};
/* End XCSwiftPackageProductDependency section */
	};
	rootObject = 10A624AC25AB4A90001F090A /* Project object */;
}
